// !$*UTF8*$!
{
	archiveVersion = 1;
	classes = {
	};
	objectVersion = 46;
	objects = {

/* Begin PBXBuildFile section */
		75EBDF8D1EA22486001D0CA7 /* main.m in Sources */ = {isa = PBXBuildFile; fileRef = 75EBDF8C1EA22486001D0CA7 /* main.m */; };
		75EBDF901EA22486001D0CA7 /* AppDelegate.m in Sources */ = {isa = PBXBuildFile; fileRef = 75EBDF8F1EA22486001D0CA7 /* AppDelegate.m */; };
		75EBDF931EA22486001D0CA7 /* ViewController.m in Sources */ = {isa = PBXBuildFile; fileRef = 75EBDF921EA22486001D0CA7 /* ViewController.m */; };
		75EBDF961EA22486001D0CA7 /* Main.storyboard in Resources */ = {isa = PBXBuildFile; fileRef = 75EBDF941EA22486001D0CA7 /* Main.storyboard */; };
		75EBDF981EA22486001D0CA7 /* Assets.xcassets in Resources */ = {isa = PBXBuildFile; fileRef = 75EBDF971EA22486001D0CA7 /* Assets.xcassets */; };
		75EBDF9B1EA22486001D0CA7 /* LaunchScreen.storyboard in Resources */ = {isa = PBXBuildFile; fileRef = 75EBDF991EA22486001D0CA7 /* LaunchScreen.storyboard */; };
		75EBDFA61EA22486001D0CA7 /* LLVideoPlayerTests.m in Sources */ = {isa = PBXBuildFile; fileRef = 75EBDFA51EA22486001D0CA7 /* LLVideoPlayerTests.m */; };
		75EBDFB11EA22486001D0CA7 /* LLVideoPlayerUITests.m in Sources */ = {isa = PBXBuildFile; fileRef = 75EBDFB01EA22486001D0CA7 /* LLVideoPlayerUITests.m */; };
		75EBDFC41EA224AB001D0CA7 /* LLAVPlayerView.m in Sources */ = {isa = PBXBuildFile; fileRef = 75EBDFC11EA224AB001D0CA7 /* LLAVPlayerView.m */; };
		75EBDFC51EA224AB001D0CA7 /* LLVideoPlayerViewController.m in Sources */ = {isa = PBXBuildFile; fileRef = 75EBDFC31EA224AB001D0CA7 /* LLVideoPlayerViewController.m */; };
		75EBDFCB1EA22616001D0CA7 /* UIImage+LLAVPlayer.m in Sources */ = {isa = PBXBuildFile; fileRef = 75EBDFCA1EA22616001D0CA7 /* UIImage+LLAVPlayer.m */; };
		75EBDFCF1EA22C45001D0CA7 /* rzjt.MP4 in Resources */ = {isa = PBXBuildFile; fileRef = 75EBDFCE1EA22C45001D0CA7 /* rzjt.MP4 */; };
		75EBDFD21EA22C9D001D0CA7 /* player_pause.png in Resources */ = {isa = PBXBuildFile; fileRef = 75EBDFD01EA22C9D001D0CA7 /* player_pause.png */; };
		75EBDFD31EA22C9D001D0CA7 /* player_play.png in Resources */ = {isa = PBXBuildFile; fileRef = 75EBDFD11EA22C9D001D0CA7 /* player_play.png */; };
		75EBDFD51EA22CB7001D0CA7 /* back_white_small.png in Resources */ = {isa = PBXBuildFile; fileRef = 75EBDFD41EA22CB7001D0CA7 /* back_white_small.png */; };
/* End PBXBuildFile section */

/* Begin PBXContainerItemProxy section */
		75EBDFA21EA22486001D0CA7 /* PBXContainerItemProxy */ = {
			isa = PBXContainerItemProxy;
			containerPortal = 75EBDF801EA22486001D0CA7 /* Project object */;
			proxyType = 1;
			remoteGlobalIDString = 75EBDF871EA22486001D0CA7;
			remoteInfo = LLVideoPlayer;
		};
		75EBDFAD1EA22486001D0CA7 /* PBXContainerItemProxy */ = {
			isa = PBXContainerItemProxy;
			containerPortal = 75EBDF801EA22486001D0CA7 /* Project object */;
			proxyType = 1;
			remoteGlobalIDString = 75EBDF871EA22486001D0CA7;
			remoteInfo = LLVideoPlayer;
		};
/* End PBXContainerItemProxy section */

/* Begin PBXFileReference section */
		75EBDF881EA22486001D0CA7 /* LLVideoPlayer.app */ = {isa = PBXFileReference; explicitFileType = wrapper.application; includeInIndex = 0; path = LLVideoPlayer.app; sourceTree = BUILT_PRODUCTS_DIR; };
		75EBDF8C1EA22486001D0CA7 /* main.m */ = {isa = PBXFileReference; lastKnownFileType = sourcecode.c.objc; path = main.m; sourceTree = "<group>"; };
		75EBDF8E1EA22486001D0CA7 /* AppDelegate.h */ = {isa = PBXFileReference; lastKnownFileType = sourcecode.c.h; path = AppDelegate.h; sourceTree = "<group>"; };
		75EBDF8F1EA22486001D0CA7 /* AppDelegate.m */ = {isa = PBXFileReference; lastKnownFileType = sourcecode.c.objc; path = AppDelegate.m; sourceTree = "<group>"; };
		75EBDF911EA22486001D0CA7 /* ViewController.h */ = {isa = PBXFileReference; lastKnownFileType = sourcecode.c.h; path = ViewController.h; sourceTree = "<group>"; };
		75EBDF921EA22486001D0CA7 /* ViewController.m */ = {isa = PBXFileReference; lastKnownFileType = sourcecode.c.objc; path = ViewController.m; sourceTree = "<group>"; };
		75EBDF951EA22486001D0CA7 /* Base */ = {isa = PBXFileReference; lastKnownFileType = file.storyboard; name = Base; path = Base.lproj/Main.storyboard; sourceTree = "<group>"; };
		75EBDF971EA22486001D0CA7 /* Assets.xcassets */ = {isa = PBXFileReference; lastKnownFileType = folder.assetcatalog; path = Assets.xcassets; sourceTree = "<group>"; };
		75EBDF9A1EA22486001D0CA7 /* Base */ = {isa = PBXFileReference; lastKnownFileType = file.storyboard; name = Base; path = Base.lproj/LaunchScreen.storyboard; sourceTree = "<group>"; };
		75EBDF9C1EA22486001D0CA7 /* Info.plist */ = {isa = PBXFileReference; lastKnownFileType = text.plist.xml; path = Info.plist; sourceTree = "<group>"; };
		75EBDFA11EA22486001D0CA7 /* LLVideoPlayerTests.xctest */ = {isa = PBXFileReference; explicitFileType = wrapper.cfbundle; includeInIndex = 0; path = LLVideoPlayerTests.xctest; sourceTree = BUILT_PRODUCTS_DIR; };
		75EBDFA51EA22486001D0CA7 /* LLVideoPlayerTests.m */ = {isa = PBXFileReference; lastKnownFileType = sourcecode.c.objc; path = LLVideoPlayerTests.m; sourceTree = "<group>"; };
		75EBDFA71EA22486001D0CA7 /* Info.plist */ = {isa = PBXFileReference; lastKnownFileType = text.plist.xml; path = Info.plist; sourceTree = "<group>"; };
		75EBDFAC1EA22486001D0CA7 /* LLVideoPlayerUITests.xctest */ = {isa = PBXFileReference; explicitFileType = wrapper.cfbundle; includeInIndex = 0; path = LLVideoPlayerUITests.xctest; sourceTree = BUILT_PRODUCTS_DIR; };
		75EBDFB01EA22486001D0CA7 /* LLVideoPlayerUITests.m */ = {isa = PBXFileReference; lastKnownFileType = sourcecode.c.objc; path = LLVideoPlayerUITests.m; sourceTree = "<group>"; };
		75EBDFB21EA22486001D0CA7 /* Info.plist */ = {isa = PBXFileReference; lastKnownFileType = text.plist.xml; path = Info.plist; sourceTree = "<group>"; };
		75EBDFC01EA224AB001D0CA7 /* LLAVPlayerView.h */ = {isa = PBXFileReference; fileEncoding = 4; lastKnownFileType = sourcecode.c.h; path = LLAVPlayerView.h; sourceTree = "<group>"; };
		75EBDFC11EA224AB001D0CA7 /* LLAVPlayerView.m */ = {isa = PBXFileReference; fileEncoding = 4; lastKnownFileType = sourcecode.c.objc; path = LLAVPlayerView.m; sourceTree = "<group>"; };
		75EBDFC21EA224AB001D0CA7 /* LLVideoPlayerViewController.h */ = {isa = PBXFileReference; fileEncoding = 4; lastKnownFileType = sourcecode.c.h; path = LLVideoPlayerViewController.h; sourceTree = "<group>"; };
		75EBDFC31EA224AB001D0CA7 /* LLVideoPlayerViewController.m */ = {isa = PBXFileReference; fileEncoding = 4; lastKnownFileType = sourcecode.c.objc; path = LLVideoPlayerViewController.m; sourceTree = "<group>"; };
		75EBDFC91EA22616001D0CA7 /* UIImage+LLAVPlayer.h */ = {isa = PBXFileReference; fileEncoding = 4; lastKnownFileType = sourcecode.c.h; path = "UIImage+LLAVPlayer.h"; sourceTree = "<group>"; };
		75EBDFCA1EA22616001D0CA7 /* UIImage+LLAVPlayer.m */ = {isa = PBXFileReference; fileEncoding = 4; lastKnownFileType = sourcecode.c.objc; path = "UIImage+LLAVPlayer.m"; sourceTree = "<group>"; };
		75EBDFCE1EA22C45001D0CA7 /* rzjt.MP4 */ = {isa = PBXFileReference; lastKnownFileType = file; name = rzjt.MP4; path = LLVideoPlayer/rzjt.MP4; sourceTree = "<group>"; };
		75EBDFD01EA22C9D001D0CA7 /* player_pause.png */ = {isa = PBXFileReference; lastKnownFileType = image.png; path = player_pause.png; sourceTree = "<group>"; };
		75EBDFD11EA22C9D001D0CA7 /* player_play.png */ = {isa = PBXFileReference; lastKnownFileType = image.png; path = player_play.png; sourceTree = "<group>"; };
		75EBDFD41EA22CB7001D0CA7 /* back_white_small.png */ = {isa = PBXFileReference; lastKnownFileType = image.png; path = back_white_small.png; sourceTree = "<group>"; };
/* End PBXFileReference section */

/* Begin PBXFrameworksBuildPhase section */
		75EBDF851EA22486001D0CA7 /* Frameworks */ = {
			isa = PBXFrameworksBuildPhase;
			buildActionMask = 2147483647;
			files = (
			);
			runOnlyForDeploymentPostprocessing = 0;
		};
		75EBDF9E1EA22486001D0CA7 /* Frameworks */ = {
			isa = PBXFrameworksBuildPhase;
			buildActionMask = 2147483647;
			files = (
			);
			runOnlyForDeploymentPostprocessing = 0;
		};
		75EBDFA91EA22486001D0CA7 /* Frameworks */ = {
			isa = PBXFrameworksBuildPhase;
			buildActionMask = 2147483647;
			files = (
			);
			runOnlyForDeploymentPostprocessing = 0;
		};
/* End PBXFrameworksBuildPhase section */

/* Begin PBXGroup section */
		75EBDF7F1EA22486001D0CA7 = {
			isa = PBXGroup;
			children = (
				75EBDF8A1EA22486001D0CA7 /* LLVideoPlayer */,
				75EBDFA41EA22486001D0CA7 /* LLVideoPlayerTests */,
				75EBDFAF1EA22486001D0CA7 /* LLVideoPlayerUITests */,
				75EBDF891EA22486001D0CA7 /* Products */,
			);
			sourceTree = "<group>";
		};
		75EBDF891EA22486001D0CA7 /* Products */ = {
			isa = PBXGroup;
			children = (
				75EBDF881EA22486001D0CA7 /* LLVideoPlayer.app */,
				75EBDFA11EA22486001D0CA7 /* LLVideoPlayerTests.xctest */,
				75EBDFAC1EA22486001D0CA7 /* LLVideoPlayerUITests.xctest */,
			);
			name = Products;
			sourceTree = "<group>";
		};
		75EBDF8A1EA22486001D0CA7 /* LLVideoPlayer */ = {
			isa = PBXGroup;
			children = (
				75EBDFCE1EA22C45001D0CA7 /* rzjt.MP4 */,
				75EBDFBE1EA224AB001D0CA7 /* LLVideoPlayer */,
				75EBDF8E1EA22486001D0CA7 /* AppDelegate.h */,
				75EBDF8F1EA22486001D0CA7 /* AppDelegate.m */,
				75EBDF911EA22486001D0CA7 /* ViewController.h */,
				75EBDF921EA22486001D0CA7 /* ViewController.m */,
				75EBDF941EA22486001D0CA7 /* Main.storyboard */,
				75EBDF971EA22486001D0CA7 /* Assets.xcassets */,
				75EBDF991EA22486001D0CA7 /* LaunchScreen.storyboard */,
				75EBDF9C1EA22486001D0CA7 /* Info.plist */,
				75EBDF8B1EA22486001D0CA7 /* Supporting Files */,
			);
			path = LLVideoPlayer;
			sourceTree = "<group>";
		};
		75EBDF8B1EA22486001D0CA7 /* Supporting Files */ = {
			isa = PBXGroup;
			children = (
				75EBDF8C1EA22486001D0CA7 /* main.m */,
			);
			name = "Supporting Files";
			sourceTree = "<group>";
		};
		75EBDFA41EA22486001D0CA7 /* LLVideoPlayerTests */ = {
			isa = PBXGroup;
			children = (
				75EBDFA51EA22486001D0CA7 /* LLVideoPlayerTests.m */,
				75EBDFA71EA22486001D0CA7 /* Info.plist */,
			);
			path = LLVideoPlayerTests;
			sourceTree = "<group>";
		};
		75EBDFAF1EA22486001D0CA7 /* LLVideoPlayerUITests */ = {
			isa = PBXGroup;
			children = (
				75EBDFB01EA22486001D0CA7 /* LLVideoPlayerUITests.m */,
				75EBDFB21EA22486001D0CA7 /* Info.plist */,
			);
			path = LLVideoPlayerUITests;
			sourceTree = "<group>";
		};
		75EBDFBE1EA224AB001D0CA7 /* LLVideoPlayer */ = {
			isa = PBXGroup;
			children = (
				75EBDFD61EA22F02001D0CA7 /* images */,
				75EBDFBF1EA224AB001D0CA7 /* LLAVPlayerView */,
				75EBDFC21EA224AB001D0CA7 /* LLVideoPlayerViewController.h */,
				75EBDFC31EA224AB001D0CA7 /* LLVideoPlayerViewController.m */,
			);
			path = LLVideoPlayer;
			sourceTree = "<group>";
		};
		75EBDFBF1EA224AB001D0CA7 /* LLAVPlayerView */ = {
			isa = PBXGroup;
			children = (
				75EBDFC01EA224AB001D0CA7 /* LLAVPlayerView.h */,
				75EBDFC11EA224AB001D0CA7 /* LLAVPlayerView.m */,
				75EBDFC91EA22616001D0CA7 /* UIImage+LLAVPlayer.h */,
				75EBDFCA1EA22616001D0CA7 /* UIImage+LLAVPlayer.m */,
			);
			path = LLAVPlayerView;
			sourceTree = "<group>";
		};
		75EBDFD61EA22F02001D0CA7 /* images */ = {
			isa = PBXGroup;
			children = (
				75EBDFD41EA22CB7001D0CA7 /* back_white_small.png */,
				75EBDFD01EA22C9D001D0CA7 /* player_pause.png */,
				75EBDFD11EA22C9D001D0CA7 /* player_play.png */,
			);
			name = images;
			path = LLAVPlayerView;
			sourceTree = "<group>";
		};
/* End PBXGroup section */

/* Begin PBXNativeTarget section */
		75EBDF871EA22486001D0CA7 /* LLVideoPlayer */ = {
			isa = PBXNativeTarget;
			buildConfigurationList = 75EBDFB51EA22486001D0CA7 /* Build configuration list for PBXNativeTarget "LLVideoPlayer" */;
			buildPhases = (
				75EBDF841EA22486001D0CA7 /* Sources */,
				75EBDF851EA22486001D0CA7 /* Frameworks */,
				75EBDF861EA22486001D0CA7 /* Resources */,
			);
			buildRules = (
			);
			dependencies = (
			);
			name = LLVideoPlayer;
			productName = LLVideoPlayer;
			productReference = 75EBDF881EA22486001D0CA7 /* LLVideoPlayer.app */;
			productType = "com.apple.product-type.application";
		};
		75EBDFA01EA22486001D0CA7 /* LLVideoPlayerTests */ = {
			isa = PBXNativeTarget;
			buildConfigurationList = 75EBDFB81EA22486001D0CA7 /* Build configuration list for PBXNativeTarget "LLVideoPlayerTests" */;
			buildPhases = (
				75EBDF9D1EA22486001D0CA7 /* Sources */,
				75EBDF9E1EA22486001D0CA7 /* Frameworks */,
				75EBDF9F1EA22486001D0CA7 /* Resources */,
			);
			buildRules = (
			);
			dependencies = (
				75EBDFA31EA22486001D0CA7 /* PBXTargetDependency */,
			);
			name = LLVideoPlayerTests;
			productName = LLVideoPlayerTests;
			productReference = 75EBDFA11EA22486001D0CA7 /* LLVideoPlayerTests.xctest */;
			productType = "com.apple.product-type.bundle.unit-test";
		};
		75EBDFAB1EA22486001D0CA7 /* LLVideoPlayerUITests */ = {
			isa = PBXNativeTarget;
			buildConfigurationList = 75EBDFBB1EA22486001D0CA7 /* Build configuration list for PBXNativeTarget "LLVideoPlayerUITests" */;
			buildPhases = (
				75EBDFA81EA22486001D0CA7 /* Sources */,
				75EBDFA91EA22486001D0CA7 /* Frameworks */,
				75EBDFAA1EA22486001D0CA7 /* Resources */,
			);
			buildRules = (
			);
			dependencies = (
				75EBDFAE1EA22486001D0CA7 /* PBXTargetDependency */,
			);
			name = LLVideoPlayerUITests;
			productName = LLVideoPlayerUITests;
			productReference = 75EBDFAC1EA22486001D0CA7 /* LLVideoPlayerUITests.xctest */;
			productType = "com.apple.product-type.bundle.ui-testing";
		};
/* End PBXNativeTarget section */

/* Begin PBXProject section */
		75EBDF801EA22486001D0CA7 /* Project object */ = {
			isa = PBXProject;
			attributes = {
				LastUpgradeCheck = 0830;
				ORGANIZATIONNAME = "MaoChao Network Co. Ltd";
				TargetAttributes = {
					75EBDF871EA22486001D0CA7 = {
						CreatedOnToolsVersion = 8.3.1;
						DevelopmentTeam = 78835ZHBFS;
						ProvisioningStyle = Automatic;
					};
					75EBDFA01EA22486001D0CA7 = {
						CreatedOnToolsVersion = 8.3.1;
						ProvisioningStyle = Automatic;
						TestTargetID = 75EBDF871EA22486001D0CA7;
					};
					75EBDFAB1EA22486001D0CA7 = {
						CreatedOnToolsVersion = 8.3.1;
						ProvisioningStyle = Automatic;
						TestTargetID = 75EBDF871EA22486001D0CA7;
					};
				};
			};
			buildConfigurationList = 75EBDF831EA22486001D0CA7 /* Build configuration list for PBXProject "LLVideoPlayer" */;
			compatibilityVersion = "Xcode 3.2";
			developmentRegion = English;
			hasScannedForEncodings = 0;
			knownRegions = (
				en,
				Base,
			);
			mainGroup = 75EBDF7F1EA22486001D0CA7;
			productRefGroup = 75EBDF891EA22486001D0CA7 /* Products */;
			projectDirPath = "";
			projectRoot = "";
			targets = (
				75EBDF871EA22486001D0CA7 /* LLVideoPlayer */,
				75EBDFA01EA22486001D0CA7 /* LLVideoPlayerTests */,
				75EBDFAB1EA22486001D0CA7 /* LLVideoPlayerUITests */,
			);
		};
/* End PBXProject section */

/* Begin PBXResourcesBuildPhase section */
		75EBDF861EA22486001D0CA7 /* Resources */ = {
			isa = PBXResourcesBuildPhase;
			buildActionMask = 2147483647;
			files = (
				75EBDFD21EA22C9D001D0CA7 /* player_pause.png in Resources */,
				75EBDF9B1EA22486001D0CA7 /* LaunchScreen.storyboard in Resources */,
				75EBDFCF1EA22C45001D0CA7 /* rzjt.MP4 in Resources */,
				75EBDF981EA22486001D0CA7 /* Assets.xcassets in Resources */,
				75EBDFD31EA22C9D001D0CA7 /* player_play.png in Resources */,
				75EBDF961EA22486001D0CA7 /* Main.storyboard in Resources */,
				75EBDFD51EA22CB7001D0CA7 /* back_white_small.png in Resources */,
			);
			runOnlyForDeploymentPostprocessing = 0;
		};
		75EBDF9F1EA22486001D0CA7 /* Resources */ = {
			isa = PBXResourcesBuildPhase;
			buildActionMask = 2147483647;
			files = (
			);
			runOnlyForDeploymentPostprocessing = 0;
		};
		75EBDFAA1EA22486001D0CA7 /* Resources */ = {
			isa = PBXResourcesBuildPhase;
			buildActionMask = 2147483647;
			files = (
			);
			runOnlyForDeploymentPostprocessing = 0;
		};
/* End PBXResourcesBuildPhase section */

/* Begin PBXSourcesBuildPhase section */
		75EBDF841EA22486001D0CA7 /* Sources */ = {
			isa = PBXSourcesBuildPhase;
			buildActionMask = 2147483647;
			files = (
				75EBDFC51EA224AB001D0CA7 /* LLVideoPlayerViewController.m in Sources */,
				75EBDF931EA22486001D0CA7 /* ViewController.m in Sources */,
				75EBDF901EA22486001D0CA7 /* AppDelegate.m in Sources */,
				75EBDFC41EA224AB001D0CA7 /* LLAVPlayerView.m in Sources */,
				75EBDF8D1EA22486001D0CA7 /* main.m in Sources */,
				75EBDFCB1EA22616001D0CA7 /* UIImage+LLAVPlayer.m in Sources */,
			);
			runOnlyForDeploymentPostprocessing = 0;
		};
		75EBDF9D1EA22486001D0CA7 /* Sources */ = {
			isa = PBXSourcesBuildPhase;
			buildActionMask = 2147483647;
			files = (
				75EBDFA61EA22486001D0CA7 /* LLVideoPlayerTests.m in Sources */,
			);
			runOnlyForDeploymentPostprocessing = 0;
		};
		75EBDFA81EA22486001D0CA7 /* Sources */ = {
			isa = PBXSourcesBuildPhase;
			buildActionMask = 2147483647;
			files = (
				75EBDFB11EA22486001D0CA7 /* LLVideoPlayerUITests.m in Sources */,
			);
			runOnlyForDeploymentPostprocessing = 0;
		};
/* End PBXSourcesBuildPhase section */

/* Begin PBXTargetDependency section */
		75EBDFA31EA22486001D0CA7 /* PBXTargetDependency */ = {
			isa = PBXTargetDependency;
			target = 75EBDF871EA22486001D0CA7 /* LLVideoPlayer */;
			targetProxy = 75EBDFA21EA22486001D0CA7 /* PBXContainerItemProxy */;
		};
		75EBDFAE1EA22486001D0CA7 /* PBXTargetDependency */ = {
			isa = PBXTargetDependency;
			target = 75EBDF871EA22486001D0CA7 /* LLVideoPlayer */;
			targetProxy = 75EBDFAD1EA22486001D0CA7 /* PBXContainerItemProxy */;
		};
/* End PBXTargetDependency section */

/* Begin PBXVariantGroup section */
		75EBDF941EA22486001D0CA7 /* Main.storyboard */ = {
			isa = PBXVariantGroup;
			children = (
				75EBDF951EA22486001D0CA7 /* Base */,
			);
			name = Main.storyboard;
			sourceTree = "<group>";
		};
		75EBDF991EA22486001D0CA7 /* LaunchScreen.storyboard */ = {
			isa = PBXVariantGroup;
			children = (
				75EBDF9A1EA22486001D0CA7 /* Base */,
			);
			name = LaunchScreen.storyboard;
			sourceTree = "<group>";
		};
/* End PBXVariantGroup section */

/* Begin XCBuildConfiguration section */
		75EBDFB31EA22486001D0CA7 /* Debug */ = {
			isa = XCBuildConfiguration;
			buildSettings = {
				ALWAYS_SEARCH_USER_PATHS = NO;
				CLANG_ANALYZER_NONNULL = YES;
				CLANG_ANALYZER_NUMBER_OBJECT_CONVERSION = YES_AGGRESSIVE;
				CLANG_CXX_LANGUAGE_STANDARD = "gnu++0x";
				CLANG_CXX_LIBRARY = "libc++";
				CLANG_ENABLE_MODULES = YES;
				CLANG_ENABLE_OBJC_ARC = YES;
				CLANG_WARN_BOOL_CONVERSION = YES;
				CLANG_WARN_CONSTANT_CONVERSION = YES;
				CLANG_WARN_DIRECT_OBJC_ISA_USAGE = YES_ERROR;
				CLANG_WARN_DOCUMENTATION_COMMENTS = YES;
				CLANG_WARN_EMPTY_BODY = YES;
				CLANG_WARN_ENUM_CONVERSION = YES;
				CLANG_WARN_INFINITE_RECURSION = YES;
				CLANG_WARN_INT_CONVERSION = YES;
				CLANG_WARN_OBJC_ROOT_CLASS = YES_ERROR;
				CLANG_WARN_SUSPICIOUS_MOVE = YES;
				CLANG_WARN_UNREACHABLE_CODE = YES;
				CLANG_WARN__DUPLICATE_METHOD_MATCH = YES;
				"CODE_SIGN_IDENTITY[sdk=iphoneos*]" = "iPhone Developer";
				COPY_PHASE_STRIP = NO;
				DEBUG_INFORMATION_FORMAT = dwarf;
				ENABLE_STRICT_OBJC_MSGSEND = YES;
				ENABLE_TESTABILITY = YES;
				GCC_C_LANGUAGE_STANDARD = gnu99;
				GCC_DYNAMIC_NO_PIC = NO;
				GCC_NO_COMMON_BLOCKS = YES;
				GCC_OPTIMIZATION_LEVEL = 0;
				GCC_PREPROCESSOR_DEFINITIONS = (
					"DEBUG=1",
					"$(inherited)",
				);
				GCC_WARN_64_TO_32_BIT_CONVERSION = YES;
				GCC_WARN_ABOUT_RETURN_TYPE = YES_ERROR;
				GCC_WARN_UNDECLARED_SELECTOR = YES;
				GCC_WARN_UNINITIALIZED_AUTOS = YES_AGGRESSIVE;
				GCC_WARN_UNUSED_FUNCTION = YES;
				GCC_WARN_UNUSED_VARIABLE = YES;
				IPHONEOS_DEPLOYMENT_TARGET = 10.3;
				MTL_ENABLE_DEBUG_INFO = YES;
				ONLY_ACTIVE_ARCH = YES;
				SDKROOT = iphoneos;
				TARGETED_DEVICE_FAMILY = "1,2";
			};
			name = Debug;
		};
		75EBDFB41EA22486001D0CA7 /* Release */ = {
			isa = XCBuildConfiguration;
			buildSettings = {
				ALWAYS_SEARCH_USER_PATHS = NO;
				CLANG_ANALYZER_NONNULL = YES;
				CLANG_ANALYZER_NUMBER_OBJECT_CONVERSION = YES_AGGRESSIVE;
				CLANG_CXX_LANGUAGE_STANDARD = "gnu++0x";
				CLANG_CXX_LIBRARY = "libc++";
				CLANG_ENABLE_MODULES = YES;
				CLANG_ENABLE_OBJC_ARC = YES;
				CLANG_WARN_BOOL_CONVERSION = YES;
				CLANG_WARN_CONSTANT_CONVERSION = YES;
				CLANG_WARN_DIRECT_OBJC_ISA_USAGE = YES_ERROR;
				CLANG_WARN_DOCUMENTATION_COMMENTS = YES;
				CLANG_WARN_EMPTY_BODY = YES;
				CLANG_WARN_ENUM_CONVERSION = YES;
				CLANG_WARN_INFINITE_RECURSION = YES;
				CLANG_WARN_INT_CONVERSION = YES;
				CLANG_WARN_OBJC_ROOT_CLASS = YES_ERROR;
				CLANG_WARN_SUSPICIOUS_MOVE = YES;
				CLANG_WARN_UNREACHABLE_CODE = YES;
				CLANG_WARN__DUPLICATE_METHOD_MATCH = YES;
				"CODE_SIGN_IDENTITY[sdk=iphoneos*]" = "iPhone Developer";
				COPY_PHASE_STRIP = NO;
				DEBUG_INFORMATION_FORMAT = "dwarf-with-dsym";
				ENABLE_NS_ASSERTIONS = NO;
				ENABLE_STRICT_OBJC_MSGSEND = YES;
				GCC_C_LANGUAGE_STANDARD = gnu99;
				GCC_NO_COMMON_BLOCKS = YES;
				GCC_WARN_64_TO_32_BIT_CONVERSION = YES;
				GCC_WARN_ABOUT_RETURN_TYPE = YES_ERROR;
				GCC_WARN_UNDECLARED_SELECTOR = YES;
				GCC_WARN_UNINITIALIZED_AUTOS = YES_AGGRESSIVE;
				GCC_WARN_UNUSED_FUNCTION = YES;
				GCC_WARN_UNUSED_VARIABLE = YES;
				IPHONEOS_DEPLOYMENT_TARGET = 10.3;
				MTL_ENABLE_DEBUG_INFO = NO;
				SDKROOT = iphoneos;
				TARGETED_DEVICE_FAMILY = "1,2";
				VALIDATE_PRODUCT = YES;
			};
			name = Release;
		};
		75EBDFB61EA22486001D0CA7 /* Debug */ = {
			isa = XCBuildConfiguration;
			buildSettings = {
				ASSETCATALOG_COMPILER_APPICON_NAME = AppIcon;
				DEVELOPMENT_TEAM = 78835ZHBFS;
				INFOPLIST_FILE = LLVideoPlayer/Info.plist;
				LD_RUNPATH_SEARCH_PATHS = "$(inherited) @executable_path/Frameworks";
				PRODUCT_BUNDLE_IDENTIFIER = com.wang.foundation;
				PRODUCT_NAME = "$(TARGET_NAME)";
			};
			name = Debug;
		};
		75EBDFB71EA22486001D0CA7 /* Release */ = {
			isa = XCBuildConfiguration;
			buildSettings = {
				ASSETCATALOG_COMPILER_APPICON_NAME = AppIcon;
				DEVELOPMENT_TEAM = 78835ZHBFS;
				INFOPLIST_FILE = LLVideoPlayer/Info.plist;
				LD_RUNPATH_SEARCH_PATHS = "$(inherited) @executable_path/Frameworks";
				PRODUCT_BUNDLE_IDENTIFIER = com.wang.foundation;
				PRODUCT_NAME = "$(TARGET_NAME)";
			};
			name = Release;
		};
		75EBDFB91EA22486001D0CA7 /* Debug */ = {
			isa = XCBuildConfiguration;
			buildSettings = {
				BUNDLE_LOADER = "$(TEST_HOST)";
				INFOPLIST_FILE = LLVideoPlayerTests/Info.plist;
				LD_RUNPATH_SEARCH_PATHS = "$(inherited) @executable_path/Frameworks @loader_path/Frameworks";
				PRODUCT_BUNDLE_IDENTIFIER = Mr.Wang.LLVideoPlayerTests;
				PRODUCT_NAME = "$(TARGET_NAME)";
				TEST_HOST = "$(BUILT_PRODUCTS_DIR)/LLVideoPlayer.app/LLVideoPlayer";
			};
			name = Debug;
		};
		75EBDFBA1EA22486001D0CA7 /* Release */ = {
			isa = XCBuildConfiguration;
			buildSettings = {
				BUNDLE_LOADER = "$(TEST_HOST)";
				INFOPLIST_FILE = LLVideoPlayerTests/Info.plist;
				LD_RUNPATH_SEARCH_PATHS = "$(inherited) @executable_path/Frameworks @loader_path/Frameworks";
				PRODUCT_BUNDLE_IDENTIFIER = Mr.Wang.LLVideoPlayerTests;
				PRODUCT_NAME = "$(TARGET_NAME)";
				TEST_HOST = "$(BUILT_PRODUCTS_DIR)/LLVideoPlayer.app/LLVideoPlayer";
			};
			name = Release;
		};
		75EBDFBC1EA22486001D0CA7 /* Debug */ = {
			isa = XCBuildConfiguration;
			buildSettings = {
				INFOPLIST_FILE = LLVideoPlayerUITests/Info.plist;
				LD_RUNPATH_SEARCH_PATHS = "$(inherited) @executable_path/Frameworks @loader_path/Frameworks";
				PRODUCT_BUNDLE_IDENTIFIER = Mr.Wang.LLVideoPlayerUITests;
				PRODUCT_NAME = "$(TARGET_NAME)";
				TEST_TARGET_NAME = LLVideoPlayer;
			};
			name = Debug;
		};
		75EBDFBD1EA22486001D0CA7 /* Release */ = {
			isa = XCBuildConfiguration;
			buildSettings = {
				INFOPLIST_FILE = LLVideoPlayerUITests/Info.plist;
				LD_RUNPATH_SEARCH_PATHS = "$(inherited) @executable_path/Frameworks @loader_path/Frameworks";
				PRODUCT_BUNDLE_IDENTIFIER = Mr.Wang.LLVideoPlayerUITests;
				PRODUCT_NAME = "$(TARGET_NAME)";
				TEST_TARGET_NAME = LLVideoPlayer;
			};
			name = Release;
		};
/* End XCBuildConfiguration section */

/* Begin XCConfigurationList section */
		75EBDF831EA22486001D0CA7 /* Build configuration list for PBXProject "LLVideoPlayer" */ = {
			isa = XCConfigurationList;
			buildConfigurations = (
				75EBDFB31EA22486001D0CA7 /* Debug */,
				75EBDFB41EA22486001D0CA7 /* Release */,
			);
			defaultConfigurationIsVisible = 0;
			defaultConfigurationName = Release;
		};
		75EBDFB51EA22486001D0CA7 /* Build configuration list for PBXNativeTarget "LLVideoPlayer" */ = {
			isa = XCConfigurationList;
			buildConfigurations = (
				75EBDFB61EA22486001D0CA7 /* Debug */,
				75EBDFB71EA22486001D0CA7 /* Release */,
			);
			defaultConfigurationIsVisible = 0;
		};
		75EBDFB81EA22486001D0CA7 /* Build configuration list for PBXNativeTarget "LLVideoPlayerTests" */ = {
			isa = XCConfigurationList;
			buildConfigurations = (
				75EBDFB91EA22486001D0CA7 /* Debug */,
				75EBDFBA1EA22486001D0CA7 /* Release */,
			);
			defaultConfigurationIsVisible = 0;
		};
		75EBDFBB1EA22486001D0CA7 /* Build configuration list for PBXNativeTarget "LLVideoPlayerUITests" */ = {
			isa = XCConfigurationList;
			buildConfigurations = (
				75EBDFBC1EA22486001D0CA7 /* Debug */,
				75EBDFBD1EA22486001D0CA7 /* Release */,
			);
			defaultConfigurationIsVisible = 0;
		};
/* End XCConfigurationList section */
	};
	rootObject = 75EBDF801EA22486001D0CA7 /* Project object */;
}
